
Microsoft Visual Studio Solution File, Format Version 12.00
# Visual Studio Version 17
VisualStudioVersion = 17.14.36109.1 d17.14
MinimumVisualStudioVersion = 10.0.40219.1
Project("{FAE04EC0-301F-11D3-BF4B-00C04F79EFBC}") = "Examen1_PrograII", "Examen1_PrograII.csproj", "{75ADFAFA-8C8F-468F-BF51-3144E7CC72F2}"
EndProject
Global
	GlobalSection(SolutionConfigurationPlatforms) = preSolution
		Debug|Any CPU = Debug|Any CPU
		Release|Any CPU = Release|Any CPU
	EndGlobalSection
	GlobalSection(ProjectConfigurationPlatforms) = postSolution
		{75ADFAFA-8C8F-468F-BF51-3144E7CC72F2}.Debug|Any CPU.ActiveCfg = Debug|Any CPU
		{75ADFAFA-8C8F-468F-BF51-3144E7CC72F2}.Debug|Any CPU.Build.0 = Debug|Any CPU
		{75ADFAFA-8C8F-468F-BF51-3144E7CC72F2}.Release|Any CPU.ActiveCfg = Release|Any CPU
		{75ADFAFA-8C8F-468F-BF51-3144E7CC72F2}.Release|Any CPU.Build.0 = Release|Any CPU
	EndGlobalSection
	GlobalSection(SolutionProperties) = preSolution
		HideSolutionNode = FALSE
	EndGlobalSection
	GlobalSection(ExtensibilityGlobals) = postSolution
		SolutionGuid = {E6380D78-AA44-4CB9-8E61-713178350CE9}
	EndGlobalSection
EndGlobal
